// !$*UTF8*$!
{
	archiveVersion = 1;
	classes = {
	};
	objectVersion = 55;
	objects = {

/* Begin PBXBuildFile section */
		01DDA78339CBECADDB783B8D /* LaunchScreen.storyboard in Resources */ = {isa = PBXBuildFile; fileRef = A7AF361730BDC2C90595B076 /* LaunchScreen.storyboard */; };
		04DFA473AE05985E582E7743 /* RootComponent+LoggedOut.swift in Sources */ = {isa = PBXBuildFile; fileRef = 61358FCFB9680A9A633EBFC4 /* RootComponent+LoggedOut.swift */; };
		0880C2C421FA2307973C6078 /* SwiftBeaverProtocol.swift in Sources */ = {isa = PBXBuildFile; fileRef = 4CC7229716E2A17A994166D4 /* SwiftBeaverProtocol.swift */; };
		099F4F6E541278EF8A75BB8C /* LoggedOutBuilder.swift in Sources */ = {isa = PBXBuildFile; fileRef = 1AF3B6AAF7150DDB21078B0D /* LoggedOutBuilder.swift */; };
		0CD2F152F516502878A969E4 /* Kingfisher.framework in Frameworks */ = {isa = PBXBuildFile; fileRef = 27D7820C5A99F669ACEE26A9 /* Kingfisher.framework */; platformFilter = ios; };
		0EE936CDCEBF091E0D941849 /* CFNetwork.framework in Frameworks */ = {isa = PBXBuildFile; fileRef = 3AD9DE0149EB759B1790C174 /* CFNetwork.framework */; };
		10F08EFBFFF49E1C00DB84C1 /* RxCocoaRuntime.framework in Frameworks */ = {isa = PBXBuildFile; fileRef = 609B8538D588CE888C477ED2 /* RxCocoaRuntime.framework */; platformFilter = ios; };
		14B6C6C9C3F9DB58D8717A00 /* RootInteractor.swift in Sources */ = {isa = PBXBuildFile; fileRef = ED44EE08C4FEF91239A6F582 /* RootInteractor.swift */; };
		16863DC42D4E30D066CC9DDC /* RIBsTodoUITestsLaunchTests.swift in Sources */ = {isa = PBXBuildFile; fileRef = 770074CBA842B81D04D46F23 /* RIBsTodoUITestsLaunchTests.swift */; };
		1AD64045C1780DE560072277 /* RxCocoaRuntime.framework in Frameworks */ = {isa = PBXBuildFile; fileRef = 609B8538D588CE888C477ED2 /* RxCocoaRuntime.framework */; platformFilter = ios; };
		1C2A31CE32D793E42F02B029 /* RIBs.framework in Frameworks */ = {isa = PBXBuildFile; fileRef = D4AC1AF4F54DAF26003D3E38 /* RIBs.framework */; platformFilter = ios; };
		2971E147EE94AB5CA47B0B70 /* RootComponent+LoggedIn.swift in Sources */ = {isa = PBXBuildFile; fileRef = A253A6E589188668060CA512 /* RootComponent+LoggedIn.swift */; };
		2E9764FFE950AEC788C3559D /* SwiftyBeaver.framework in Frameworks */ = {isa = PBXBuildFile; fileRef = 95899347985E59188F1A938B /* SwiftyBeaver.framework */; platformFilter = ios; };
		341FA3A013233FCCAADAE7A2 /* Assets.xcassets in Resources */ = {isa = PBXBuildFile; fileRef = CE20CE496B04D7B6E3699EBC /* Assets.xcassets */; };
		3F2BFA969858A8317E49AD25 /* RxSwift.framework in Embed Frameworks */ = {isa = PBXBuildFile; fileRef = 6F8191927575AEC3D3D16431 /* RxSwift.framework */; platformFilter = ios; settings = {ATTRIBUTES = (CodeSignOnCopy, RemoveHeadersOnCopy, ); }; };
		40E28FB4E3C28D79410BCB21 /* CFNetwork.framework in Frameworks */ = {isa = PBXBuildFile; fileRef = 3AD9DE0149EB759B1790C174 /* CFNetwork.framework */; };
		443ED71F0D591DF38DFDA934 /* RxCocoaRuntime.framework in Frameworks */ = {isa = PBXBuildFile; fileRef = 609B8538D588CE888C477ED2 /* RxCocoaRuntime.framework */; platformFilter = ios; };
		4490044A20E731081B581764 /* SnapKit.framework in Frameworks */ = {isa = PBXBuildFile; fileRef = E3631335EEC9A56198CD4931 /* SnapKit.framework */; platformFilter = ios; };
		4C60E3BC593307B31FA79FB6 /* Lottie.framework in Frameworks */ = {isa = PBXBuildFile; fileRef = B75B4481055AB9F7381CB193 /* Lottie.framework */; platformFilter = ios; };
		4FE5166854C43D3917F9DAAF /* RxSwift.framework in Frameworks */ = {isa = PBXBuildFile; fileRef = 6F8191927575AEC3D3D16431 /* RxSwift.framework */; platformFilter = ios; };
		51F03D37BDAADB1C7F4F1314 /* LoggedOutInteractor.swift in Sources */ = {isa = PBXBuildFile; fileRef = 78A2D30F1980B630EB08CF0D /* LoggedOutInteractor.swift */; };
		5B046B17EB9E06042804AC9D /* SnapKit.framework in Frameworks */ = {isa = PBXBuildFile; fileRef = E3631335EEC9A56198CD4931 /* SnapKit.framework */; platformFilter = ios; };
		5D724D8DFC1BADE714C4C978 /* RootViewController.swift in Sources */ = {isa = PBXBuildFile; fileRef = 84290943691D05FBEB3CCA5E /* RootViewController.swift */; };
		5DC7C015BF47DE7F5F3564E4 /* SwiftyBeaver.framework in Frameworks */ = {isa = PBXBuildFile; fileRef = 95899347985E59188F1A938B /* SwiftyBeaver.framework */; platformFilter = ios; };
		6121A419C1D53F13EABF1E23 /* Assets+RIBsTodo.swift in Sources */ = {isa = PBXBuildFile; fileRef = C89973EC86D68AF1ADB5CC64 /* Assets+RIBsTodo.swift */; };
		61B1F6F7D21C850A31381888 /* RIBs.framework in Frameworks */ = {isa = PBXBuildFile; fileRef = D4AC1AF4F54DAF26003D3E38 /* RIBs.framework */; platformFilter = ios; };
		627443E97148A375B2F03DC0 /* RxSwift.framework in Frameworks */ = {isa = PBXBuildFile; fileRef = 6F8191927575AEC3D3D16431 /* RxSwift.framework */; platformFilter = ios; };
		63F2708A1803A3EFD767AD40 /* loading.json in Resources */ = {isa = PBXBuildFile; fileRef = D4F36BBC6C3EB52EA33ED654 /* loading.json */; };
		6647A9B66262BD6C854CA724 /* AppComponent.swift in Sources */ = {isa = PBXBuildFile; fileRef = AC58B42FFD4E9C162C36B85C /* AppComponent.swift */; };
		67F1103892BD4CDE8C1DEC3E /* LoggedInInteractor.swift in Sources */ = {isa = PBXBuildFile; fileRef = A8717251C73DEBC22C2BE739 /* LoggedInInteractor.swift */; };
		6B6721FC467D1CAFEE4E3905 /* SnapKit.framework in Frameworks */ = {isa = PBXBuildFile; fileRef = E3631335EEC9A56198CD4931 /* SnapKit.framework */; platformFilter = ios; };
		6D68DC7A77F9CEBB8CF837A8 /* Alamofire.framework in Frameworks */ = {isa = PBXBuildFile; fileRef = 63195EDFB9095FECB997DA89 /* Alamofire.framework */; platformFilter = ios; };
		70DFBC965F74A96AD75728AD /* Then.framework in Frameworks */ = {isa = PBXBuildFile; fileRef = D139E7345B986BF4B101E586 /* Then.framework */; platformFilter = ios; };
		7F6EF4C7859E50587CEDC2B9 /* LoggedOutViewController.swift in Sources */ = {isa = PBXBuildFile; fileRef = 22A21250FFC2C84842556C18 /* LoggedOutViewController.swift */; };
		80C8B8F93803BA666B6CAFCD /* AlertPresentable.swift in Sources */ = {isa = PBXBuildFile; fileRef = B997A453587D7D38B8C554A1 /* AlertPresentable.swift */; };
		8201C32B3D7A708EEB863CA7 /* RxSwift.framework in Frameworks */ = {isa = PBXBuildFile; fileRef = 6F8191927575AEC3D3D16431 /* RxSwift.framework */; platformFilter = ios; };
		871670BA760817D827EB7993 /* Then.framework in Frameworks */ = {isa = PBXBuildFile; fileRef = D139E7345B986BF4B101E586 /* Then.framework */; platformFilter = ios; };
		883A316687FA593F47E1A253 /* Alamofire.framework in Frameworks */ = {isa = PBXBuildFile; fileRef = 63195EDFB9095FECB997DA89 /* Alamofire.framework */; platformFilter = ios; };
		8AA4CC4C17299FCD0897E2B8 /* LoggedInRouter.swift in Sources */ = {isa = PBXBuildFile; fileRef = B3D8693AC452F8058BFF2511 /* LoggedInRouter.swift */; };
		8DFB6813F9B427CD46E72A66 /* RxRelay.framework in Frameworks */ = {isa = PBXBuildFile; fileRef = F49CF1CD25CE7F2EFCEF5B52 /* RxRelay.framework */; platformFilter = ios; };
		8E46417A616C6438CEAC79ED /* Log.swift in Sources */ = {isa = PBXBuildFile; fileRef = D4DB07B7F59724CCC433FFCE /* Log.swift */; };
		9165B7925609BC8A89BD7833 /* LoggedOutRouter.swift in Sources */ = {isa = PBXBuildFile; fileRef = 4AEFAD0E4D7F7562D8611EB6 /* LoggedOutRouter.swift */; };
		952AB45C8EC670E03469C471 /* Alamofire.framework in Frameworks */ = {isa = PBXBuildFile; fileRef = 63195EDFB9095FECB997DA89 /* Alamofire.framework */; platformFilter = ios; };
		9B0958F992AECC83DA1F24B9 /* RootRouter.swift in Sources */ = {isa = PBXBuildFile; fileRef = EF2482C0173E426545DC8547 /* RootRouter.swift */; };
		9B92671B5D22A65CF7F34382 /* Lottie.framework in Frameworks */ = {isa = PBXBuildFile; fileRef = B75B4481055AB9F7381CB193 /* Lottie.framework */; platformFilter = ios; };
		9C095E7D08D5B32043E51FAA /* Bundle+RIBsTodo.swift in Sources */ = {isa = PBXBuildFile; fileRef = D696C7FF10D9D2B784A91795 /* Bundle+RIBsTodo.swift */; };
		9E422B2F4A94F818AE2B82D8 /* CFNetwork.framework in Frameworks */ = {isa = PBXBuildFile; fileRef = 3AD9DE0149EB759B1790C174 /* CFNetwork.framework */; };
		A4E6B4D47BFE6DF6A0598105 /* RxRelay.framework in Frameworks */ = {isa = PBXBuildFile; fileRef = F49CF1CD25CE7F2EFCEF5B52 /* RxRelay.framework */; platformFilter = ios; };
		A51311B3A21921E5B296D6FD /* Kingfisher.framework in Frameworks */ = {isa = PBXBuildFile; fileRef = 27D7820C5A99F669ACEE26A9 /* Kingfisher.framework */; platformFilter = ios; };
		B1E38483FA950C1A2AE9EEF1 /* Singleton.swift in Sources */ = {isa = PBXBuildFile; fileRef = DA7B11BFF84EF4E65F48CA3D /* Singleton.swift */; };
		B1F30A4515BFAF65CC51AB2E /* RxCocoa.framework in Frameworks */ = {isa = PBXBuildFile; fileRef = 06D345EE57D32CAF67CDB160 /* RxCocoa.framework */; platformFilter = ios; };
		B34DFC936C48F7F6EEC935A1 /* Then.framework in Frameworks */ = {isa = PBXBuildFile; fileRef = D139E7345B986BF4B101E586 /* Then.framework */; platformFilter = ios; };
		B9FD2E126597E6414BA87D19 /* Kingfisher.framework in Frameworks */ = {isa = PBXBuildFile; fileRef = 27D7820C5A99F669ACEE26A9 /* Kingfisher.framework */; platformFilter = ios; };
		BEFBA58CD25E45BDE4F32991 /* AlertViewController+UIViewContorller.swift in Sources */ = {isa = PBXBuildFile; fileRef = 6814C7F07EE6F89B88982DC3 /* AlertViewController+UIViewContorller.swift */; };
		CB7096F0191116A6BA052075 /* RootBuilder.swift in Sources */ = {isa = PBXBuildFile; fileRef = 1BDF0D4034B60635FD724330 /* RootBuilder.swift */; };
		CE727B4900BCAE336FEFA55C /* RIBs.framework in Frameworks */ = {isa = PBXBuildFile; fileRef = D4AC1AF4F54DAF26003D3E38 /* RIBs.framework */; platformFilter = ios; };
		CEB3ADF0DB8DB1482D603AA5 /* RxCocoa.framework in Frameworks */ = {isa = PBXBuildFile; fileRef = 06D345EE57D32CAF67CDB160 /* RxCocoa.framework */; platformFilter = ios; };
		CEE74920D3E25D82C44342D7 /* RxSwift.framework in Embed Frameworks */ = {isa = PBXBuildFile; fileRef = 6F8191927575AEC3D3D16431 /* RxSwift.framework */; platformFilter = ios; settings = {ATTRIBUTES = (CodeSignOnCopy, RemoveHeadersOnCopy, ); }; };
		D2FD09671ADC6A4125883C65 /* UINavigationController.swift in Sources */ = {isa = PBXBuildFile; fileRef = C43680C4232F5C15402A089D /* UINavigationController.swift */; };
		D9609DF9BE33C6F79001938A /* AlertViewController.swift in Sources */ = {isa = PBXBuildFile; fileRef = A2F5AE7351053998D3E88526 /* AlertViewController.swift */; };
		DA7E31FF3444FCC64726A49F /* Lottie.framework in Frameworks */ = {isa = PBXBuildFile; fileRef = B75B4481055AB9F7381CB193 /* Lottie.framework */; platformFilter = ios; };
		E56EE00D5172EE452B43C18E /* RIBsTodoTests.swift in Sources */ = {isa = PBXBuildFile; fileRef = 32CB0AAABEBDE799370509E7 /* RIBsTodoTests.swift */; };
		E600AF08BABCB63B1484F1DE /* SceneDelegate.swift in Sources */ = {isa = PBXBuildFile; fileRef = 99476AE369AF72C3F27FB5AC /* SceneDelegate.swift */; };
		EC360E33367102530E2ACD47 /* AppDelegate.swift in Sources */ = {isa = PBXBuildFile; fileRef = AC95FF16019822070F578385 /* AppDelegate.swift */; };
		F08EE0BDA822D38A5AC4A0AB /* SwiftyBeaver.framework in Frameworks */ = {isa = PBXBuildFile; fileRef = 95899347985E59188F1A938B /* SwiftyBeaver.framework */; platformFilter = ios; };
		F1B398E5B57433FF809E5210 /* RIBsTodoUITests.swift in Sources */ = {isa = PBXBuildFile; fileRef = E241052FFD5DB053B0407074 /* RIBsTodoUITests.swift */; };
		F38A7992E0597B1DCF946545 /* RxCocoa.framework in Frameworks */ = {isa = PBXBuildFile; fileRef = 06D345EE57D32CAF67CDB160 /* RxCocoa.framework */; platformFilter = ios; };
		FC24EABCF1218B38DC885084 /* RxRelay.framework in Frameworks */ = {isa = PBXBuildFile; fileRef = F49CF1CD25CE7F2EFCEF5B52 /* RxRelay.framework */; platformFilter = ios; };
		FEA6A2FC051786AA7056D4E9 /* LoggedInBuilder.swift in Sources */ = {isa = PBXBuildFile; fileRef = 125153284653361599966C67 /* LoggedInBuilder.swift */; };
/* End PBXBuildFile section */

/* Begin PBXCopyFilesBuildPhase section */
		00602A11F44E6E40C8AD57FB /* Embed Frameworks */ = {
			isa = PBXCopyFilesBuildPhase;
			buildActionMask = 2147483647;
			dstPath = "";
			dstSubfolderSpec = 10;
			files = (
				CEE74920D3E25D82C44342D7 /* RxSwift.framework in Embed Frameworks */,
			);
			name = "Embed Frameworks";
			runOnlyForDeploymentPostprocessing = 0;
		};
		32F08A0FF447F22491DCF58A /* Embed Frameworks */ = {
			isa = PBXCopyFilesBuildPhase;
			buildActionMask = 2147483647;
			dstPath = "";
			dstSubfolderSpec = 10;
			files = (
			);
			name = "Embed Frameworks";
			runOnlyForDeploymentPostprocessing = 0;
		};
		BE692E3B548463A83A623F5A /* Embed Frameworks */ = {
			isa = PBXCopyFilesBuildPhase;
			buildActionMask = 2147483647;
			dstPath = "";
			dstSubfolderSpec = 10;
			files = (
				3F2BFA969858A8317E49AD25 /* RxSwift.framework in Embed Frameworks */,
			);
			name = "Embed Frameworks";
			runOnlyForDeploymentPostprocessing = 0;
		};
/* End PBXCopyFilesBuildPhase section */

/* Begin PBXFileReference section */
		058604B20863DD84709A8E78 /* RIBsTodoTests.plist */ = {isa = PBXFileReference; lastKnownFileType = text.plist; path = RIBsTodoTests.plist; sourceTree = "<group>"; };
		06D345EE57D32CAF67CDB160 /* RxCocoa.framework */ = {isa = PBXFileReference; explicitFileType = wrapper.framework; includeInIndex = 0; path = RxCocoa.framework; sourceTree = BUILT_PRODUCTS_DIR; };
		125153284653361599966C67 /* LoggedInBuilder.swift */ = {isa = PBXFileReference; lastKnownFileType = sourcecode.swift; path = LoggedInBuilder.swift; sourceTree = "<group>"; };
		1AF3B6AAF7150DDB21078B0D /* LoggedOutBuilder.swift */ = {isa = PBXFileReference; lastKnownFileType = sourcecode.swift; path = LoggedOutBuilder.swift; sourceTree = "<group>"; };
		1BDF0D4034B60635FD724330 /* RootBuilder.swift */ = {isa = PBXFileReference; lastKnownFileType = sourcecode.swift; path = RootBuilder.swift; sourceTree = "<group>"; };
		22A21250FFC2C84842556C18 /* LoggedOutViewController.swift */ = {isa = PBXFileReference; lastKnownFileType = sourcecode.swift; path = LoggedOutViewController.swift; sourceTree = "<group>"; };
		27D7820C5A99F669ACEE26A9 /* Kingfisher.framework */ = {isa = PBXFileReference; explicitFileType = wrapper.framework; includeInIndex = 0; path = Kingfisher.framework; sourceTree = BUILT_PRODUCTS_DIR; };
		2B1C0ADB013206A04BB62EEF /* RIBsTodoTests.xctest */ = {isa = PBXFileReference; explicitFileType = wrapper.cfbundle; includeInIndex = 0; path = RIBsTodoTests.xctest; sourceTree = BUILT_PRODUCTS_DIR; };
		32CB0AAABEBDE799370509E7 /* RIBsTodoTests.swift */ = {isa = PBXFileReference; lastKnownFileType = sourcecode.swift; path = RIBsTodoTests.swift; sourceTree = "<group>"; };
		35A9EC316276A8303C50F5DF /* Base */ = {isa = PBXFileReference; lastKnownFileType = file.storyboard; name = Base; path = Base.lproj/LaunchScreen.storyboard; sourceTree = "<group>"; };
		3AD9DE0149EB759B1790C174 /* CFNetwork.framework */ = {isa = PBXFileReference; lastKnownFileType = wrapper.framework; name = CFNetwork.framework; path = Platforms/iPhoneOS.platform/Developer/SDKs/iPhoneOS.sdk/System/Library/Frameworks/CFNetwork.framework; sourceTree = DEVELOPER_DIR; };
		3AE9298B45F2D1543AD948BE /* RIBsTodo.app */ = {isa = PBXFileReference; explicitFileType = wrapper.application; includeInIndex = 0; path = RIBsTodo.app; sourceTree = BUILT_PRODUCTS_DIR; };
		4AEFAD0E4D7F7562D8611EB6 /* LoggedOutRouter.swift */ = {isa = PBXFileReference; lastKnownFileType = sourcecode.swift; path = LoggedOutRouter.swift; sourceTree = "<group>"; };
		4CC7229716E2A17A994166D4 /* SwiftBeaverProtocol.swift */ = {isa = PBXFileReference; lastKnownFileType = sourcecode.swift; path = SwiftBeaverProtocol.swift; sourceTree = "<group>"; };
		609B8538D588CE888C477ED2 /* RxCocoaRuntime.framework */ = {isa = PBXFileReference; explicitFileType = wrapper.framework; includeInIndex = 0; path = RxCocoaRuntime.framework; sourceTree = BUILT_PRODUCTS_DIR; };
		61358FCFB9680A9A633EBFC4 /* RootComponent+LoggedOut.swift */ = {isa = PBXFileReference; lastKnownFileType = sourcecode.swift; path = "RootComponent+LoggedOut.swift"; sourceTree = "<group>"; };
		63195EDFB9095FECB997DA89 /* Alamofire.framework */ = {isa = PBXFileReference; explicitFileType = wrapper.framework; includeInIndex = 0; path = Alamofire.framework; sourceTree = BUILT_PRODUCTS_DIR; };
		6814C7F07EE6F89B88982DC3 /* AlertViewController+UIViewContorller.swift */ = {isa = PBXFileReference; lastKnownFileType = sourcecode.swift; path = "AlertViewController+UIViewContorller.swift"; sourceTree = "<group>"; };
		6F8191927575AEC3D3D16431 /* RxSwift.framework */ = {isa = PBXFileReference; explicitFileType = wrapper.framework; includeInIndex = 0; path = RxSwift.framework; sourceTree = BUILT_PRODUCTS_DIR; };
		770074CBA842B81D04D46F23 /* RIBsTodoUITestsLaunchTests.swift */ = {isa = PBXFileReference; lastKnownFileType = sourcecode.swift; path = RIBsTodoUITestsLaunchTests.swift; sourceTree = "<group>"; };
		78A2D30F1980B630EB08CF0D /* LoggedOutInteractor.swift */ = {isa = PBXFileReference; lastKnownFileType = sourcecode.swift; path = LoggedOutInteractor.swift; sourceTree = "<group>"; };
		84290943691D05FBEB3CCA5E /* RootViewController.swift */ = {isa = PBXFileReference; lastKnownFileType = sourcecode.swift; path = RootViewController.swift; sourceTree = "<group>"; };
		95899347985E59188F1A938B /* SwiftyBeaver.framework */ = {isa = PBXFileReference; explicitFileType = wrapper.framework; includeInIndex = 0; path = SwiftyBeaver.framework; sourceTree = BUILT_PRODUCTS_DIR; };
		95EA0F58F37C650A1FBC1088 /* RIBsTodoUITests.plist */ = {isa = PBXFileReference; lastKnownFileType = text.plist; path = RIBsTodoUITests.plist; sourceTree = "<group>"; };
		99476AE369AF72C3F27FB5AC /* SceneDelegate.swift */ = {isa = PBXFileReference; lastKnownFileType = sourcecode.swift; path = SceneDelegate.swift; sourceTree = "<group>"; };
		A07F21649D548EE8A3A43941 /* RIBsTodo.plist */ = {isa = PBXFileReference; lastKnownFileType = text.plist; path = RIBsTodo.plist; sourceTree = "<group>"; };
		A253A6E589188668060CA512 /* RootComponent+LoggedIn.swift */ = {isa = PBXFileReference; lastKnownFileType = sourcecode.swift; path = "RootComponent+LoggedIn.swift"; sourceTree = "<group>"; };
		A2F5AE7351053998D3E88526 /* AlertViewController.swift */ = {isa = PBXFileReference; lastKnownFileType = sourcecode.swift; path = AlertViewController.swift; sourceTree = "<group>"; };
		A8717251C73DEBC22C2BE739 /* LoggedInInteractor.swift */ = {isa = PBXFileReference; lastKnownFileType = sourcecode.swift; path = LoggedInInteractor.swift; sourceTree = "<group>"; };
		AC58B42FFD4E9C162C36B85C /* AppComponent.swift */ = {isa = PBXFileReference; lastKnownFileType = sourcecode.swift; path = AppComponent.swift; sourceTree = "<group>"; };
		AC95FF16019822070F578385 /* AppDelegate.swift */ = {isa = PBXFileReference; lastKnownFileType = sourcecode.swift; path = AppDelegate.swift; sourceTree = "<group>"; };
		B3D8693AC452F8058BFF2511 /* LoggedInRouter.swift */ = {isa = PBXFileReference; lastKnownFileType = sourcecode.swift; path = LoggedInRouter.swift; sourceTree = "<group>"; };
		B75B4481055AB9F7381CB193 /* Lottie.framework */ = {isa = PBXFileReference; explicitFileType = wrapper.framework; includeInIndex = 0; path = Lottie.framework; sourceTree = BUILT_PRODUCTS_DIR; };
		B997A453587D7D38B8C554A1 /* AlertPresentable.swift */ = {isa = PBXFileReference; lastKnownFileType = sourcecode.swift; path = AlertPresentable.swift; sourceTree = "<group>"; };
		C43680C4232F5C15402A089D /* UINavigationController.swift */ = {isa = PBXFileReference; lastKnownFileType = sourcecode.swift; path = UINavigationController.swift; sourceTree = "<group>"; };
		C89973EC86D68AF1ADB5CC64 /* Assets+RIBsTodo.swift */ = {isa = PBXFileReference; lastKnownFileType = sourcecode.swift; path = "Assets+RIBsTodo.swift"; sourceTree = "<group>"; };
		CE20CE496B04D7B6E3699EBC /* Assets.xcassets */ = {isa = PBXFileReference; lastKnownFileType = folder.assetcatalog; path = Assets.xcassets; sourceTree = "<group>"; };
		D139E7345B986BF4B101E586 /* Then.framework */ = {isa = PBXFileReference; explicitFileType = wrapper.framework; includeInIndex = 0; path = Then.framework; sourceTree = BUILT_PRODUCTS_DIR; };
		D4AC1AF4F54DAF26003D3E38 /* RIBs.framework */ = {isa = PBXFileReference; explicitFileType = wrapper.framework; includeInIndex = 0; path = RIBs.framework; sourceTree = BUILT_PRODUCTS_DIR; };
		D4DB07B7F59724CCC433FFCE /* Log.swift */ = {isa = PBXFileReference; lastKnownFileType = sourcecode.swift; path = Log.swift; sourceTree = "<group>"; };
		D4F36BBC6C3EB52EA33ED654 /* loading.json */ = {isa = PBXFileReference; lastKnownFileType = text.json; path = loading.json; sourceTree = "<group>"; };
		D696C7FF10D9D2B784A91795 /* Bundle+RIBsTodo.swift */ = {isa = PBXFileReference; lastKnownFileType = sourcecode.swift; path = "Bundle+RIBsTodo.swift"; sourceTree = "<group>"; };
		DA7B11BFF84EF4E65F48CA3D /* Singleton.swift */ = {isa = PBXFileReference; lastKnownFileType = sourcecode.swift; path = Singleton.swift; sourceTree = "<group>"; };
		E241052FFD5DB053B0407074 /* RIBsTodoUITests.swift */ = {isa = PBXFileReference; lastKnownFileType = sourcecode.swift; path = RIBsTodoUITests.swift; sourceTree = "<group>"; };
		E3631335EEC9A56198CD4931 /* SnapKit.framework */ = {isa = PBXFileReference; explicitFileType = wrapper.framework; includeInIndex = 0; path = SnapKit.framework; sourceTree = BUILT_PRODUCTS_DIR; };
		ED44EE08C4FEF91239A6F582 /* RootInteractor.swift */ = {isa = PBXFileReference; lastKnownFileType = sourcecode.swift; path = RootInteractor.swift; sourceTree = "<group>"; };
		EF2482C0173E426545DC8547 /* RootRouter.swift */ = {isa = PBXFileReference; lastKnownFileType = sourcecode.swift; path = RootRouter.swift; sourceTree = "<group>"; };
		F2414EB6DE4737AA62582FC6 /* RIBsTodoUITests.xctest */ = {isa = PBXFileReference; explicitFileType = wrapper.cfbundle; includeInIndex = 0; path = RIBsTodoUITests.xctest; sourceTree = BUILT_PRODUCTS_DIR; };
		F49CF1CD25CE7F2EFCEF5B52 /* RxRelay.framework */ = {isa = PBXFileReference; explicitFileType = wrapper.framework; includeInIndex = 0; path = RxRelay.framework; sourceTree = BUILT_PRODUCTS_DIR; };
/* End PBXFileReference section */

/* Begin PBXFrameworksBuildPhase section */
		31F76EC4FAECA0B897486D60 /* Frameworks */ = {
			isa = PBXFrameworksBuildPhase;
			buildActionMask = 2147483647;
			files = (
				40E28FB4E3C28D79410BCB21 /* CFNetwork.framework in Frameworks */,
				883A316687FA593F47E1A253 /* Alamofire.framework in Frameworks */,
				0CD2F152F516502878A969E4 /* Kingfisher.framework in Frameworks */,
				4C60E3BC593307B31FA79FB6 /* Lottie.framework in Frameworks */,
				CE727B4900BCAE336FEFA55C /* RIBs.framework in Frameworks */,
				CEB3ADF0DB8DB1482D603AA5 /* RxCocoa.framework in Frameworks */,
				10F08EFBFFF49E1C00DB84C1 /* RxCocoaRuntime.framework in Frameworks */,
				FC24EABCF1218B38DC885084 /* RxRelay.framework in Frameworks */,
				4FE5166854C43D3917F9DAAF /* RxSwift.framework in Frameworks */,
				4490044A20E731081B581764 /* SnapKit.framework in Frameworks */,
				5DC7C015BF47DE7F5F3564E4 /* SwiftyBeaver.framework in Frameworks */,
				B34DFC936C48F7F6EEC935A1 /* Then.framework in Frameworks */,
			);
			runOnlyForDeploymentPostprocessing = 0;
		};
		93F5AC62647A4B02A98CE52A /* Frameworks */ = {
			isa = PBXFrameworksBuildPhase;
			buildActionMask = 2147483647;
			files = (
				0EE936CDCEBF091E0D941849 /* CFNetwork.framework in Frameworks */,
				6D68DC7A77F9CEBB8CF837A8 /* Alamofire.framework in Frameworks */,
				B9FD2E126597E6414BA87D19 /* Kingfisher.framework in Frameworks */,
				9B92671B5D22A65CF7F34382 /* Lottie.framework in Frameworks */,
				61B1F6F7D21C850A31381888 /* RIBs.framework in Frameworks */,
				F38A7992E0597B1DCF946545 /* RxCocoa.framework in Frameworks */,
				443ED71F0D591DF38DFDA934 /* RxCocoaRuntime.framework in Frameworks */,
				8DFB6813F9B427CD46E72A66 /* RxRelay.framework in Frameworks */,
				627443E97148A375B2F03DC0 /* RxSwift.framework in Frameworks */,
				5B046B17EB9E06042804AC9D /* SnapKit.framework in Frameworks */,
				2E9764FFE950AEC788C3559D /* SwiftyBeaver.framework in Frameworks */,
				871670BA760817D827EB7993 /* Then.framework in Frameworks */,
			);
			runOnlyForDeploymentPostprocessing = 0;
		};
		E5EF000FA5F7FBE7A5BE9031 /* Frameworks */ = {
			isa = PBXFrameworksBuildPhase;
			buildActionMask = 2147483647;
			files = (
				9E422B2F4A94F818AE2B82D8 /* CFNetwork.framework in Frameworks */,
				952AB45C8EC670E03469C471 /* Alamofire.framework in Frameworks */,
				A51311B3A21921E5B296D6FD /* Kingfisher.framework in Frameworks */,
				DA7E31FF3444FCC64726A49F /* Lottie.framework in Frameworks */,
				1C2A31CE32D793E42F02B029 /* RIBs.framework in Frameworks */,
				B1F30A4515BFAF65CC51AB2E /* RxCocoa.framework in Frameworks */,
				1AD64045C1780DE560072277 /* RxCocoaRuntime.framework in Frameworks */,
				A4E6B4D47BFE6DF6A0598105 /* RxRelay.framework in Frameworks */,
				8201C32B3D7A708EEB863CA7 /* RxSwift.framework in Frameworks */,
				6B6721FC467D1CAFEE4E3905 /* SnapKit.framework in Frameworks */,
				F08EE0BDA822D38A5AC4A0AB /* SwiftyBeaver.framework in Frameworks */,
				70DFBC965F74A96AD75728AD /* Then.framework in Frameworks */,
			);
			runOnlyForDeploymentPostprocessing = 0;
		};
/* End PBXFrameworksBuildPhase section */

/* Begin PBXGroup section */
		01DC96128553BB3BA571E685 /* RIBsTodoUITests */ = {
			isa = PBXGroup;
			children = (
				E241052FFD5DB053B0407074 /* RIBsTodoUITests.swift */,
				770074CBA842B81D04D46F23 /* RIBsTodoUITestsLaunchTests.swift */,
			);
			path = RIBsTodoUITests;
			sourceTree = "<group>";
		};
		0942189DB976CEF960D37831 /* Alert */ = {
			isa = PBXGroup;
			children = (
				B997A453587D7D38B8C554A1 /* AlertPresentable.swift */,
				A2F5AE7351053998D3E88526 /* AlertViewController.swift */,
				6814C7F07EE6F89B88982DC3 /* AlertViewController+UIViewContorller.swift */,
			);
			path = Alert;
			sourceTree = "<group>";
		};
		169A2B758B6E3C20EFA67BB3 /* Frameworks */ = {
			isa = PBXGroup;
			children = (
				3AD9DE0149EB759B1790C174 /* CFNetwork.framework */,
			);
			name = Frameworks;
			sourceTree = "<group>";
		};
		1B0FA07372C5A65E834C8FAF /* Products */ = {
			isa = PBXGroup;
			children = (
				63195EDFB9095FECB997DA89 /* Alamofire.framework */,
				27D7820C5A99F669ACEE26A9 /* Kingfisher.framework */,
				B75B4481055AB9F7381CB193 /* Lottie.framework */,
				D4AC1AF4F54DAF26003D3E38 /* RIBs.framework */,
				3AE9298B45F2D1543AD948BE /* RIBsTodo.app */,
				2B1C0ADB013206A04BB62EEF /* RIBsTodoTests.xctest */,
				F2414EB6DE4737AA62582FC6 /* RIBsTodoUITests.xctest */,
				06D345EE57D32CAF67CDB160 /* RxCocoa.framework */,
				609B8538D588CE888C477ED2 /* RxCocoaRuntime.framework */,
				F49CF1CD25CE7F2EFCEF5B52 /* RxRelay.framework */,
				6F8191927575AEC3D3D16431 /* RxSwift.framework */,
				E3631335EEC9A56198CD4931 /* SnapKit.framework */,
				95899347985E59188F1A938B /* SwiftyBeaver.framework */,
				D139E7345B986BF4B101E586 /* Then.framework */,
			);
			name = Products;
			sourceTree = "<group>";
		};
		2014067837A28D639D683D94 /* Root */ = {
			isa = PBXGroup;
			children = (
				1BDF0D4034B60635FD724330 /* RootBuilder.swift */,
				A253A6E589188668060CA512 /* RootComponent+LoggedIn.swift */,
				61358FCFB9680A9A633EBFC4 /* RootComponent+LoggedOut.swift */,
				ED44EE08C4FEF91239A6F582 /* RootInteractor.swift */,
				EF2482C0173E426545DC8547 /* RootRouter.swift */,
				84290943691D05FBEB3CCA5E /* RootViewController.swift */,
			);
			path = Root;
			sourceTree = "<group>";
		};
		250E8952F17B45B46740A27F /* Common */ = {
			isa = PBXGroup;
			children = (
				0942189DB976CEF960D37831 /* Alert */,
				EB6184A87A0B0C6A94C0C325 /* Logger */,
			);
			path = Common;
			sourceTree = "<group>";
		};
		25D4327627FA0440927EC392 /* RIBsTodo */ = {
			isa = PBXGroup;
			children = (
				DD9CBD34EDEFFE2A77A6CE1D /* Resources */,
				3968261DE9EE223020766518 /* Sources */,
			);
			path = RIBsTodo;
			sourceTree = "<group>";
		};
		3968261DE9EE223020766518 /* Sources */ = {
			isa = PBXGroup;
			children = (
				250E8952F17B45B46740A27F /* Common */,
				9E9B4B2825DC7E928284C50A /* RIBs */,
			);
			path = Sources;
			sourceTree = "<group>";
		};
		40F02D3ED931212588779A42 /* InfoPlists */ = {
			isa = PBXGroup;
			children = (
				A07F21649D548EE8A3A43941 /* RIBsTodo.plist */,
				058604B20863DD84709A8E78 /* RIBsTodoTests.plist */,
				95EA0F58F37C650A1FBC1088 /* RIBsTodoUITests.plist */,
			);
			path = InfoPlists;
			sourceTree = "<group>";
		};
		4DBEA94D7D7B8452624CE1B9 /* LoggedOut */ = {
			isa = PBXGroup;
			children = (
				1AF3B6AAF7150DDB21078B0D /* LoggedOutBuilder.swift */,
				78A2D30F1980B630EB08CF0D /* LoggedOutInteractor.swift */,
				4AEFAD0E4D7F7562D8611EB6 /* LoggedOutRouter.swift */,
				22A21250FFC2C84842556C18 /* LoggedOutViewController.swift */,
			);
			path = LoggedOut;
			sourceTree = "<group>";
		};
		6FD15D9A60B54B4C8F80FA8C /* Common */ = {
			isa = PBXGroup;
			children = (
				C43680C4232F5C15402A089D /* UINavigationController.swift */,
			);
			path = Common;
			sourceTree = "<group>";
		};
		76CD84B7BDC25539A0225233 = {
			isa = PBXGroup;
			children = (
				CE4F54471268C2A4D7D77364 /* Project */,
				169A2B758B6E3C20EFA67BB3 /* Frameworks */,
				1B0FA07372C5A65E834C8FAF /* Products */,
			);
			sourceTree = "<group>";
		};
		8B02BB5DD2DCB22CE93D2005 /* LoggedIn */ = {
			isa = PBXGroup;
			children = (
				125153284653361599966C67 /* LoggedInBuilder.swift */,
				A8717251C73DEBC22C2BE739 /* LoggedInInteractor.swift */,
				B3D8693AC452F8058BFF2511 /* LoggedInRouter.swift */,
			);
			path = LoggedIn;
			sourceTree = "<group>";
		};
		9E9B4B2825DC7E928284C50A /* RIBs */ = {
			isa = PBXGroup;
			children = (
				6FD15D9A60B54B4C8F80FA8C /* Common */,
				8B02BB5DD2DCB22CE93D2005 /* LoggedIn */,
				4DBEA94D7D7B8452624CE1B9 /* LoggedOut */,
				2014067837A28D639D683D94 /* Root */,
				AC58B42FFD4E9C162C36B85C /* AppComponent.swift */,
				AC95FF16019822070F578385 /* AppDelegate.swift */,
				99476AE369AF72C3F27FB5AC /* SceneDelegate.swift */,
			);
			path = RIBs;
			sourceTree = "<group>";
		};
		CE4F54471268C2A4D7D77364 /* Project */ = {
			isa = PBXGroup;
			children = (
				F553088C5F091CE85BAC8F43 /* Derived */,
				25D4327627FA0440927EC392 /* RIBsTodo */,
				F4CA8651C23EF683D7117346 /* RIBsTodoTests */,
				01DC96128553BB3BA571E685 /* RIBsTodoUITests */,
			);
			name = Project;
			sourceTree = "<group>";
		};
		DD9CBD34EDEFFE2A77A6CE1D /* Resources */ = {
			isa = PBXGroup;
			children = (
				A7AF361730BDC2C90595B076 /* LaunchScreen.storyboard */,
				CE20CE496B04D7B6E3699EBC /* Assets.xcassets */,
				D4F36BBC6C3EB52EA33ED654 /* loading.json */,
			);
			path = Resources;
			sourceTree = "<group>";
		};
		EB6184A87A0B0C6A94C0C325 /* Logger */ = {
			isa = PBXGroup;
			children = (
				D4DB07B7F59724CCC433FFCE /* Log.swift */,
				DA7B11BFF84EF4E65F48CA3D /* Singleton.swift */,
				4CC7229716E2A17A994166D4 /* SwiftBeaverProtocol.swift */,
			);
			path = Logger;
			sourceTree = "<group>";
		};
		F1046B50CBCAE745DAFD82F0 /* Sources */ = {
			isa = PBXGroup;
			children = (
				C89973EC86D68AF1ADB5CC64 /* Assets+RIBsTodo.swift */,
				D696C7FF10D9D2B784A91795 /* Bundle+RIBsTodo.swift */,
			);
			path = Sources;
			sourceTree = "<group>";
		};
		F4CA8651C23EF683D7117346 /* RIBsTodoTests */ = {
			isa = PBXGroup;
			children = (
				32CB0AAABEBDE799370509E7 /* RIBsTodoTests.swift */,
			);
			path = RIBsTodoTests;
			sourceTree = "<group>";
		};
		F553088C5F091CE85BAC8F43 /* Derived */ = {
			isa = PBXGroup;
			children = (
				40F02D3ED931212588779A42 /* InfoPlists */,
				F1046B50CBCAE745DAFD82F0 /* Sources */,
			);
			path = Derived;
			sourceTree = "<group>";
		};
/* End PBXGroup section */

/* Begin PBXNativeTarget section */
		A7CA1A13B7AEFECBA9C390EB /* RIBsTodo */ = {
			isa = PBXNativeTarget;
			buildConfigurationList = A7CCCF48B6B36B7E747C52EB /* Build configuration list for PBXNativeTarget "RIBsTodo" */;
			buildPhases = (
				D6E4A6F2DFC81B28185F1365 /* Sources */,
				1685CDE167393AA72691F4EF /* Resources */,
				BE692E3B548463A83A623F5A /* Embed Frameworks */,
				31F76EC4FAECA0B897486D60 /* Frameworks */,
			);
			buildRules = (
			);
			dependencies = (
			);
			name = RIBsTodo;
			productName = RIBsTodo;
			productReference = 3AE9298B45F2D1543AD948BE /* RIBsTodo.app */;
			productType = "com.apple.product-type.application";
		};
		DE32872D1515ED3466846AE8 /* RIBsTodoTests */ = {
			isa = PBXNativeTarget;
			buildConfigurationList = 228CA20552861E816DFF069D /* Build configuration list for PBXNativeTarget "RIBsTodoTests" */;
			buildPhases = (
				C795C7294C32D92AAA269856 /* Sources */,
				5CF6C19D0AD68E3DFBC6C501 /* Resources */,
				32F08A0FF447F22491DCF58A /* Embed Frameworks */,
				E5EF000FA5F7FBE7A5BE9031 /* Frameworks */,
			);
			buildRules = (
			);
			dependencies = (
			);
			name = RIBsTodoTests;
			productName = RIBsTodoTests;
			productReference = 2B1C0ADB013206A04BB62EEF /* RIBsTodoTests.xctest */;
			productType = "com.apple.product-type.bundle.unit-test";
		};
		E77B950F73A9D1E692BED6B6 /* RIBsTodoUITests */ = {
			isa = PBXNativeTarget;
			buildConfigurationList = 67584B944CF8B50FD1E49134 /* Build configuration list for PBXNativeTarget "RIBsTodoUITests" */;
			buildPhases = (
				7D4ED3FD0AC16C705B2691D3 /* Sources */,
				9553B3E935C0656F6032EEA1 /* Resources */,
				00602A11F44E6E40C8AD57FB /* Embed Frameworks */,
				93F5AC62647A4B02A98CE52A /* Frameworks */,
			);
			buildRules = (
			);
			dependencies = (
			);
			name = RIBsTodoUITests;
			productName = RIBsTodoUITests;
			productReference = F2414EB6DE4737AA62582FC6 /* RIBsTodoUITests.xctest */;
			productType = "com.apple.product-type.bundle.ui-testing";
		};
/* End PBXNativeTarget section */

/* Begin PBXProject section */
		7B38A308D4A280DBCF1DDA8C /* Project object */ = {
			isa = PBXProject;
			attributes = {
				ORGANIZATIONNAME = com.allieProject;
			};
			buildConfigurationList = 2E5CCE822B8A574B374FE52F /* Build configuration list for PBXProject "RIBsTodo" */;
			compatibilityVersion = "Xcode 13.0";
			developmentRegion = en;
			hasScannedForEncodings = 0;
			knownRegions = (
				Base,
				en,
			);
			mainGroup = 76CD84B7BDC25539A0225233;
			productRefGroup = 1B0FA07372C5A65E834C8FAF /* Products */;
			projectDirPath = "";
			projectRoot = "";
			targets = (
				A7CA1A13B7AEFECBA9C390EB /* RIBsTodo */,
				DE32872D1515ED3466846AE8 /* RIBsTodoTests */,
				E77B950F73A9D1E692BED6B6 /* RIBsTodoUITests */,
			);
		};
/* End PBXProject section */

/* Begin PBXResourcesBuildPhase section */
		1685CDE167393AA72691F4EF /* Resources */ = {
			isa = PBXResourcesBuildPhase;
			buildActionMask = 2147483647;
			files = (
				341FA3A013233FCCAADAE7A2 /* Assets.xcassets in Resources */,
				01DDA78339CBECADDB783B8D /* LaunchScreen.storyboard in Resources */,
				63F2708A1803A3EFD767AD40 /* loading.json in Resources */,
			);
			runOnlyForDeploymentPostprocessing = 0;
		};
		5CF6C19D0AD68E3DFBC6C501 /* Resources */ = {
			isa = PBXResourcesBuildPhase;
			buildActionMask = 2147483647;
			files = (
			);
			runOnlyForDeploymentPostprocessing = 0;
		};
		9553B3E935C0656F6032EEA1 /* Resources */ = {
			isa = PBXResourcesBuildPhase;
			buildActionMask = 2147483647;
			files = (
			);
			runOnlyForDeploymentPostprocessing = 0;
		};
/* End PBXResourcesBuildPhase section */

/* Begin PBXSourcesBuildPhase section */
		7D4ED3FD0AC16C705B2691D3 /* Sources */ = {
			isa = PBXSourcesBuildPhase;
			buildActionMask = 2147483647;
			files = (
				F1B398E5B57433FF809E5210 /* RIBsTodoUITests.swift in Sources */,
				16863DC42D4E30D066CC9DDC /* RIBsTodoUITestsLaunchTests.swift in Sources */,
			);
			runOnlyForDeploymentPostprocessing = 0;
		};
		C795C7294C32D92AAA269856 /* Sources */ = {
			isa = PBXSourcesBuildPhase;
			buildActionMask = 2147483647;
			files = (
				E56EE00D5172EE452B43C18E /* RIBsTodoTests.swift in Sources */,
			);
			runOnlyForDeploymentPostprocessing = 0;
		};
		D6E4A6F2DFC81B28185F1365 /* Sources */ = {
			isa = PBXSourcesBuildPhase;
			buildActionMask = 2147483647;
			files = (
				6121A419C1D53F13EABF1E23 /* Assets+RIBsTodo.swift in Sources */,
				9C095E7D08D5B32043E51FAA /* Bundle+RIBsTodo.swift in Sources */,
				80C8B8F93803BA666B6CAFCD /* AlertPresentable.swift in Sources */,
				BEFBA58CD25E45BDE4F32991 /* AlertViewController+UIViewContorller.swift in Sources */,
				D9609DF9BE33C6F79001938A /* AlertViewController.swift in Sources */,
				8E46417A616C6438CEAC79ED /* Log.swift in Sources */,
				B1E38483FA950C1A2AE9EEF1 /* Singleton.swift in Sources */,
				0880C2C421FA2307973C6078 /* SwiftBeaverProtocol.swift in Sources */,
				6647A9B66262BD6C854CA724 /* AppComponent.swift in Sources */,
				EC360E33367102530E2ACD47 /* AppDelegate.swift in Sources */,
				D2FD09671ADC6A4125883C65 /* UINavigationController.swift in Sources */,
				FEA6A2FC051786AA7056D4E9 /* LoggedInBuilder.swift in Sources */,
				67F1103892BD4CDE8C1DEC3E /* LoggedInInteractor.swift in Sources */,
				8AA4CC4C17299FCD0897E2B8 /* LoggedInRouter.swift in Sources */,
				099F4F6E541278EF8A75BB8C /* LoggedOutBuilder.swift in Sources */,
				51F03D37BDAADB1C7F4F1314 /* LoggedOutInteractor.swift in Sources */,
				9165B7925609BC8A89BD7833 /* LoggedOutRouter.swift in Sources */,
				7F6EF4C7859E50587CEDC2B9 /* LoggedOutViewController.swift in Sources */,
				CB7096F0191116A6BA052075 /* RootBuilder.swift in Sources */,
				2971E147EE94AB5CA47B0B70 /* RootComponent+LoggedIn.swift in Sources */,
				04DFA473AE05985E582E7743 /* RootComponent+LoggedOut.swift in Sources */,
				14B6C6C9C3F9DB58D8717A00 /* RootInteractor.swift in Sources */,
				9B0958F992AECC83DA1F24B9 /* RootRouter.swift in Sources */,
				5D724D8DFC1BADE714C4C978 /* RootViewController.swift in Sources */,
				E600AF08BABCB63B1484F1DE /* SceneDelegate.swift in Sources */,
			);
			runOnlyForDeploymentPostprocessing = 0;
		};
/* End PBXSourcesBuildPhase section */

/* Begin PBXVariantGroup section */
		A7AF361730BDC2C90595B076 /* LaunchScreen.storyboard */ = {
			isa = PBXVariantGroup;
			children = (
				35A9EC316276A8303C50F5DF /* Base */,
			);
			name = LaunchScreen.storyboard;
			sourceTree = "<group>";
		};
/* End PBXVariantGroup section */

/* Begin XCBuildConfiguration section */
		0A5D7AA68F073FBBA131A4BA /* Release */ = {
			isa = XCBuildConfiguration;
			buildSettings = {
				CODE_SIGN_IDENTITY = "iPhone Developer";
				INFOPLIST_FILE = Derived/InfoPlists/RIBsTodoUITests.plist;
				LD_RUNPATH_SEARCH_PATHS = (
					"$(inherited)",
					"@executable_path/Frameworks",
					"@loader_path/Frameworks",
				);
				PRODUCT_BUNDLE_IDENTIFIER = com.allieProject.RIBsTodoUITests;
				PRODUCT_NAME = RIBsTodoUITests;
				SDKROOT = iphoneos;
				SWIFT_COMPILATION_MODE = wholemodule;
				SWIFT_OPTIMIZATION_LEVEL = "-Owholemodule";
				TARGETED_DEVICE_FAMILY = "1,2";
			};
			name = Release;
		};
		20DA54B51138227951B2FFA7 /* Release */ = {
			isa = XCBuildConfiguration;
			buildSettings = {
				CODE_SIGN_IDENTITY = "iPhone Developer";
				INFOPLIST_FILE = Derived/InfoPlists/RIBsTodoTests.plist;
				LD_RUNPATH_SEARCH_PATHS = (
					"$(inherited)",
					"@executable_path/Frameworks",
					"@loader_path/Frameworks",
				);
				PRODUCT_BUNDLE_IDENTIFIER = com.allieProject.RIBsTodoTests;
				PRODUCT_NAME = RIBsTodoTests;
				SDKROOT = iphoneos;
				SWIFT_COMPILATION_MODE = wholemodule;
				SWIFT_OPTIMIZATION_LEVEL = "-Owholemodule";
				TARGETED_DEVICE_FAMILY = "1,2";
			};
			name = Release;
		};
		214D2AB77AF300160DCF993B /* Release */ = {
			isa = XCBuildConfiguration;
			buildSettings = {
				ALWAYS_SEARCH_USER_PATHS = NO;
				ARCHS = "$(ARCHS_STANDARD)";
				CLANG_ANALYZER_LOCALIZABILITY_NONLOCALIZED = YES;
				CLANG_ANALYZER_NONNULL = YES;
				CLANG_ANALYZER_NUMBER_OBJECT_CONVERSION = YES_AGGRESSIVE;
				CLANG_CXX_LANGUAGE_STANDARD = "gnu++14";
				CLANG_CXX_LIBRARY = "libc++";
				CLANG_ENABLE_MODULES = YES;
				CLANG_ENABLE_OBJC_ARC = YES;
				CLANG_ENABLE_OBJC_WEAK = YES;
				CLANG_WARN_BLOCK_CAPTURE_AUTORELEASING = YES;
				CLANG_WARN_BOOL_CONVERSION = YES;
				CLANG_WARN_COMMA = YES;
				CLANG_WARN_CONSTANT_CONVERSION = YES;
				CLANG_WARN_DEPRECATED_OBJC_IMPLEMENTATIONS = YES;
				CLANG_WARN_DIRECT_OBJC_ISA_USAGE = YES_ERROR;
				CLANG_WARN_DOCUMENTATION_COMMENTS = YES;
				CLANG_WARN_EMPTY_BODY = YES;
				CLANG_WARN_ENUM_CONVERSION = YES;
				CLANG_WARN_INFINITE_RECURSION = YES;
				CLANG_WARN_INT_CONVERSION = YES;
				CLANG_WARN_NON_LITERAL_NULL_CONVERSION = YES;
				CLANG_WARN_OBJC_IMPLICIT_RETAIN_SELF = YES;
				CLANG_WARN_OBJC_LITERAL_CONVERSION = YES;
				CLANG_WARN_OBJC_ROOT_CLASS = YES_ERROR;
				CLANG_WARN_QUOTED_INCLUDE_IN_FRAMEWORK_HEADER = YES;
				CLANG_WARN_RANGE_LOOP_ANALYSIS = YES;
				CLANG_WARN_STRICT_PROTOTYPES = YES;
				CLANG_WARN_SUSPICIOUS_MOVE = YES;
				CLANG_WARN_UNGUARDED_AVAILABILITY = YES_AGGRESSIVE;
				CLANG_WARN_UNREACHABLE_CODE = YES;
				CLANG_WARN__DUPLICATE_METHOD_MATCH = YES;
				COPY_PHASE_STRIP = NO;
				CURRENT_PROJECT_VERSION = 1.0.0;
				DEBUG_INFORMATION_FORMAT = "dwarf-with-dsym";
				ENABLE_NS_ASSERTIONS = NO;
				ENABLE_STRICT_OBJC_MSGSEND = YES;
				GCC_C_LANGUAGE_STANDARD = gnu11;
				GCC_NO_COMMON_BLOCKS = YES;
				GCC_WARN_64_TO_32_BIT_CONVERSION = YES;
				GCC_WARN_ABOUT_RETURN_TYPE = YES_ERROR;
				GCC_WARN_UNDECLARED_SELECTOR = YES;
				GCC_WARN_UNINITIALIZED_AUTOS = YES_AGGRESSIVE;
				GCC_WARN_UNUSED_FUNCTION = YES;
				GCC_WARN_UNUSED_VARIABLE = YES;
				MARKETING_VERSION = 1.0;
				MTL_ENABLE_DEBUG_INFO = NO;
				ONLY_ACTIVE_ARCH = NO;
				OTHER_LDFLAGS = "-ObjC";
				PRODUCT_NAME = "$(TARGET_NAME)";
				SWIFT_VERSION = 5.5;
				VALIDATE_PRODUCT = YES;
			};
			name = Release;
		};
		88E77CF5016D49FFB1F46C19 /* Debug */ = {
			isa = XCBuildConfiguration;
			buildSettings = {
				CODE_SIGN_IDENTITY = "iPhone Developer";
				INFOPLIST_FILE = Derived/InfoPlists/RIBsTodoUITests.plist;
				LD_RUNPATH_SEARCH_PATHS = (
					"$(inherited)",
					"@executable_path/Frameworks",
					"@loader_path/Frameworks",
				);
				PRODUCT_BUNDLE_IDENTIFIER = com.allieProject.RIBsTodoUITests;
				PRODUCT_NAME = RIBsTodoUITests;
				SDKROOT = iphoneos;
				SWIFT_ACTIVE_COMPILATION_CONDITIONS = DEBUG;
				SWIFT_COMPILATION_MODE = singlefile;
				SWIFT_OPTIMIZATION_LEVEL = "-Onone";
				TARGETED_DEVICE_FAMILY = "1,2";
			};
			name = Debug;
		};
		ABB24A5690A459A6FB6E9842 /* Debug */ = {
			isa = XCBuildConfiguration;
			buildSettings = {
				ASSETCATALOG_COMPILER_APPICON_NAME = AppIcon;
				CODE_SIGN_IDENTITY = "iPhone Developer";
				DEVELOPMENT_TEAM = F7DAHNMXP5;
				ENABLE_PREVIEWS = YES;
				INFOPLIST_FILE = Derived/InfoPlists/RIBsTodo.plist;
				IPHONEOS_DEPLOYMENT_TARGET = 13.0;
				LD_RUNPATH_SEARCH_PATHS = (
					"$(inherited)",
					"@executable_path/Frameworks",
				);
				PRODUCT_BUNDLE_IDENTIFIER = com.allieProject.RIBsTodo;
				PRODUCT_NAME = RIBsTodo;
				SDKROOT = iphoneos;
				SUPPORTS_MACCATALYST = NO;
				SWIFT_ACTIVE_COMPILATION_CONDITIONS = DEBUG;
				SWIFT_COMPILATION_MODE = singlefile;
				SWIFT_OPTIMIZATION_LEVEL = "-Onone";
				TARGETED_DEVICE_FAMILY = 1;
			};
			name = Debug;
		};
		CA52CD4353C0E72F61B26FBF /* Debug */ = {
			isa = XCBuildConfiguration;
			buildSettings = {
				CODE_SIGN_IDENTITY = "iPhone Developer";
				INFOPLIST_FILE = Derived/InfoPlists/RIBsTodoTests.plist;
				LD_RUNPATH_SEARCH_PATHS = (
					"$(inherited)",
					"@executable_path/Frameworks",
					"@loader_path/Frameworks",
				);
				PRODUCT_BUNDLE_IDENTIFIER = com.allieProject.RIBsTodoTests;
				PRODUCT_NAME = RIBsTodoTests;
				SDKROOT = iphoneos;
				SWIFT_ACTIVE_COMPILATION_CONDITIONS = DEBUG;
				SWIFT_COMPILATION_MODE = singlefile;
				SWIFT_OPTIMIZATION_LEVEL = "-Onone";
				TARGETED_DEVICE_FAMILY = "1,2";
			};
			name = Debug;
		};
		F67BFBE53804C294D3FB5639 /* Release */ = {
			isa = XCBuildConfiguration;
			buildSettings = {
				ASSETCATALOG_COMPILER_APPICON_NAME = AppIcon;
				CODE_SIGN_IDENTITY = "iPhone Developer";
				DEVELOPMENT_TEAM = F7DAHNMXP5;
				ENABLE_PREVIEWS = YES;
				INFOPLIST_FILE = Derived/InfoPlists/RIBsTodo.plist;
				IPHONEOS_DEPLOYMENT_TARGET = 13.0;
				LD_RUNPATH_SEARCH_PATHS = (
					"$(inherited)",
					"@executable_path/Frameworks",
				);
				PRODUCT_BUNDLE_IDENTIFIER = com.allieProject.RIBsTodo;
				PRODUCT_NAME = RIBsTodo;
				SDKROOT = iphoneos;
				SUPPORTS_MACCATALYST = NO;
				SWIFT_COMPILATION_MODE = wholemodule;
				SWIFT_OPTIMIZATION_LEVEL = "-Owholemodule";
				TARGETED_DEVICE_FAMILY = 1;
			};
			name = Release;
		};
		FF437702ADA1D3815271A82B /* Debug */ = {
			isa = XCBuildConfiguration;
			buildSettings = {
				ALWAYS_SEARCH_USER_PATHS = NO;
				ARCHS = "$(ARCHS_STANDARD)";
				CLANG_ANALYZER_LOCALIZABILITY_NONLOCALIZED = YES;
				CLANG_ANALYZER_NONNULL = YES;
				CLANG_ANALYZER_NUMBER_OBJECT_CONVERSION = YES_AGGRESSIVE;
				CLANG_CXX_LANGUAGE_STANDARD = "gnu++14";
				CLANG_CXX_LIBRARY = "libc++";
				CLANG_ENABLE_MODULES = YES;
				CLANG_ENABLE_OBJC_ARC = YES;
				CLANG_ENABLE_OBJC_WEAK = YES;
				CLANG_WARN_BLOCK_CAPTURE_AUTORELEASING = YES;
				CLANG_WARN_BOOL_CONVERSION = YES;
				CLANG_WARN_COMMA = YES;
				CLANG_WARN_CONSTANT_CONVERSION = YES;
				CLANG_WARN_DEPRECATED_OBJC_IMPLEMENTATIONS = YES;
				CLANG_WARN_DIRECT_OBJC_ISA_USAGE = YES_ERROR;
				CLANG_WARN_DOCUMENTATION_COMMENTS = YES;
				CLANG_WARN_EMPTY_BODY = YES;
				CLANG_WARN_ENUM_CONVERSION = YES;
				CLANG_WARN_INFINITE_RECURSION = YES;
				CLANG_WARN_INT_CONVERSION = YES;
				CLANG_WARN_NON_LITERAL_NULL_CONVERSION = YES;
				CLANG_WARN_OBJC_IMPLICIT_RETAIN_SELF = YES;
				CLANG_WARN_OBJC_LITERAL_CONVERSION = YES;
				CLANG_WARN_OBJC_ROOT_CLASS = YES_ERROR;
				CLANG_WARN_QUOTED_INCLUDE_IN_FRAMEWORK_HEADER = YES;
				CLANG_WARN_RANGE_LOOP_ANALYSIS = YES;
				CLANG_WARN_STRICT_PROTOTYPES = YES;
				CLANG_WARN_SUSPICIOUS_MOVE = YES;
				CLANG_WARN_UNGUARDED_AVAILABILITY = YES_AGGRESSIVE;
				CLANG_WARN_UNREACHABLE_CODE = YES;
				CLANG_WARN__DUPLICATE_METHOD_MATCH = YES;
				COPY_PHASE_STRIP = NO;
				CURRENT_PROJECT_VERSION = 1.0.0;
				DEBUG_INFORMATION_FORMAT = dwarf;
				ENABLE_STRICT_OBJC_MSGSEND = YES;
				ENABLE_TESTABILITY = YES;
				GCC_C_LANGUAGE_STANDARD = gnu11;
				GCC_DYNAMIC_NO_PIC = NO;
				GCC_NO_COMMON_BLOCKS = YES;
				GCC_OPTIMIZATION_LEVEL = 0;
				GCC_PREPROCESSOR_DEFINITIONS = (
					"DEBUG=1",
					"$(inherited)",
				);
				GCC_WARN_64_TO_32_BIT_CONVERSION = YES;
				GCC_WARN_ABOUT_RETURN_TYPE = YES_ERROR;
				GCC_WARN_UNDECLARED_SELECTOR = YES;
				GCC_WARN_UNINITIALIZED_AUTOS = YES_AGGRESSIVE;
				GCC_WARN_UNUSED_FUNCTION = YES;
				GCC_WARN_UNUSED_VARIABLE = YES;
				MARKETING_VERSION = 1.0;
				MTL_ENABLE_DEBUG_INFO = YES;
				ONLY_ACTIVE_ARCH = NO;
				OTHER_LDFLAGS = "-ObjC";
				PRODUCT_NAME = "$(TARGET_NAME)";
				SWIFT_VERSION = 5.5;
			};
			name = Debug;
		};
/* End XCBuildConfiguration section */

/* Begin XCConfigurationList section */
		228CA20552861E816DFF069D /* Build configuration list for PBXNativeTarget "RIBsTodoTests" */ = {
			isa = XCConfigurationList;
			buildConfigurations = (
				CA52CD4353C0E72F61B26FBF /* Debug */,
				20DA54B51138227951B2FFA7 /* Release */,
			);
			defaultConfigurationIsVisible = 0;
			defaultConfigurationName = Release;
		};
		2E5CCE822B8A574B374FE52F /* Build configuration list for PBXProject "RIBsTodo" */ = {
			isa = XCConfigurationList;
			buildConfigurations = (
				FF437702ADA1D3815271A82B /* Debug */,
				214D2AB77AF300160DCF993B /* Release */,
			);
			defaultConfigurationIsVisible = 0;
			defaultConfigurationName = Release;
		};
		67584B944CF8B50FD1E49134 /* Build configuration list for PBXNativeTarget "RIBsTodoUITests" */ = {
			isa = XCConfigurationList;
			buildConfigurations = (
				88E77CF5016D49FFB1F46C19 /* Debug */,
				0A5D7AA68F073FBBA131A4BA /* Release */,
			);
			defaultConfigurationIsVisible = 0;
			defaultConfigurationName = Release;
		};
		A7CCCF48B6B36B7E747C52EB /* Build configuration list for PBXNativeTarget "RIBsTodo" */ = {
			isa = XCConfigurationList;
			buildConfigurations = (
				ABB24A5690A459A6FB6E9842 /* Debug */,
				F67BFBE53804C294D3FB5639 /* Release */,
			);
			defaultConfigurationIsVisible = 0;
			defaultConfigurationName = Release;
		};
/* End XCConfigurationList section */
	};
	rootObject = 7B38A308D4A280DBCF1DDA8C /* Project object */;
}
